NeoBundleLock ctrlp.vim ae5237f8eb9bbc1ad7f8903738e0dc2af194f740
NeoBundleLock neobundle.vim 1306c131ff0a6cc094b7ff0727350e442b5427f1
NeoBundleLock neosnippet-snippets 886a414e339fe40a47f30da8aa6012a6e0906018
NeoBundleLock neosnippet.vim 30b6b53b7a86b84371714b4a0f092d5d303c4a35
NeoBundleLock vim-colorschemes fd8f122cef604330c96a6a6e434682dbdfb878c9
NeoBundleLock vim-fugitive 49315d0c74acb983f2902260ebc9d86f85758ea4
NeoBundleLock vimshell 3787e52766812d8b99a93ccdda57517bc2a0bab6
